{
  "name": "misc",
  "version": "1.0.0",
  "lockfileVersion": 1,
  "requires": true,
  "dependencies": {
    "csv": {
      "version": "5.4.0",
      "resolved": "https://registry.npmjs.org/csv/-/csv-5.4.0.tgz",
      "integrity": "sha512-wtdhi5Q53Rhjm2qzi2iDBLI1FHXTECXOTQ/jrZD5gzEXS9ukUkHwbhHRrCvv/vYFisy6uSoUeuW11P7KgrrDRg==",
      "requires": {
        "csv-generate": "^3.3.0",
        "csv-parse": "^4.15.3",
        "csv-stringify": "^5.6.2",
        "stream-transform": "^2.0.4"
      }
    },
    "csv-generate": {
      "version": "3.3.0",
      "resolved": "https://registry.npmjs.org/csv-generate/-/csv-generate-3.3.0.tgz",
      "integrity": "sha512-EXSru4QwEWKwM7wwsJbhrZC+mHEJrhQFoXlohHs80CAU8Qhlv9gaw1sjzNiC3Hr3oUx5skDmEiAlz+tnKWV0RA=="
    },
    "csv-parse": {
      "version": "4.15.3",
      "resolved": "https://registry.npmjs.org/csv-parse/-/csv-parse-4.15.3.tgz",
      "integrity": "sha512-jlTqDvLdHnYMSr08ynNfk4IAUSJgJjTKy2U5CQBSu4cN9vQOJonLVZP4Qo4gKKrIgIQ5dr07UwOJdi+lRqT12w=="
    },
    "csv-stringify": {
      "version": "5.6.2",
      "resolved": "https://registry.npmjs.org/csv-stringify/-/csv-stringify-5.6.2.tgz",
      "integrity": "sha512-n3rIVbX6ylm1YsX2NEug9IaPV8xRnT+9/NNZbrA/bcHgOSSeqtWla6XnI/xmyu57wIw+ASCAoX1oM6EZtqJV0A=="
    },
    "mixme": {
      "version": "0.4.0",
      "resolved": "https://registry.npmjs.org/mixme/-/mixme-0.4.0.tgz",
      "integrity": "sha512-B4Sm1CDC5+ov5AYxSkyeT5HLtiDgNOLKwFlq34wr8E2O3zRdTvQiLzo599Jt9cir6VJrSenOlgvdooVYCQJIYw=="
    },
    "stream-transform": {
      "version": "2.0.4",
      "resolved": "https://registry.npmjs.org/stream-transform/-/stream-transform-2.0.4.tgz",
      "integrity": "sha512-LQXH1pUksoef5Ijo6+2ihnjLLZtZuoqu1vhut6a7xZ77nrLA/shbbx2FAzVC/nkb6wwrPzOO98700mv4HDQcWg==",
      "requires": {
        "mixme": "^0.4.0"
      }
    }
  }
}
